
Microsoft Visual Studio Solution File, Format Version 12.00
# Visual Studio Version 16
VisualStudioVersion = 16.0.31605.320
MinimumVisualStudioVersion = 10.0.40219.1
Project("{FAE04EC0-301F-11D3-BF4B-00C04F79EFBC}") = "SuperCalculator", "SuperCalculator\SuperCalculator.csproj", "{EE3CADDB-2FEB-44BA-864F-26C0AE2084DD}"
EndProject
Project("{FAE04EC0-301F-11D3-BF4B-00C04F79EFBC}") = "SuperCalculator.Test", "SuperCalculator.Test\SuperCalculator.Test.csproj", "{5BDD87C7-0236-4EE9-BFEE-8FE8BF66F052}"
EndProject
Global
	GlobalSection(SolutionConfigurationPlatforms) = preSolution
		Debug|Any CPU = Debug|Any CPU
		Release|Any CPU = Release|Any CPU
	EndGlobalSection
	GlobalSection(ProjectConfigurationPlatforms) = postSolution
		{EE3CADDB-2FEB-44BA-864F-26C0AE2084DD}.Debug|Any CPU.ActiveCfg = Debug|Any CPU
		{EE3CADDB-2FEB-44BA-864F-26C0AE2084DD}.Debug|Any CPU.Build.0 = Debug|Any CPU
		{EE3CADDB-2FEB-44BA-864F-26C0AE2084DD}.Release|Any CPU.ActiveCfg = Release|Any CPU
		{EE3CADDB-2FEB-44BA-864F-26C0AE2084DD}.Release|Any CPU.Build.0 = Release|Any CPU
		{5BDD87C7-0236-4EE9-BFEE-8FE8BF66F052}.Debug|Any CPU.ActiveCfg = Debug|Any CPU
		{5BDD87C7-0236-4EE9-BFEE-8FE8BF66F052}.Debug|Any CPU.Build.0 = Debug|Any CPU
		{5BDD87C7-0236-4EE9-BFEE-8FE8BF66F052}.Release|Any CPU.ActiveCfg = Release|Any CPU
		{5BDD87C7-0236-4EE9-BFEE-8FE8BF66F052}.Release|Any CPU.Build.0 = Release|Any CPU
	EndGlobalSection
	GlobalSection(SolutionProperties) = preSolution
		HideSolutionNode = FALSE
	EndGlobalSection
	GlobalSection(ExtensibilityGlobals) = postSolution
		SolutionGuid = {D0E1AAC4-C1AD-4287-8214-644A93CB9FA0}
	EndGlobalSection
EndGlobal
